
Microsoft Visual Studio Solution File, Format Version 12.00
# Visual Studio Version 17
VisualStudioVersion = 17.3.32825.248
MinimumVisualStudioVersion = 10.0.40219.1
Project("{8BC9CEB8-8B4A-11D0-8D11-00A0C91BC942}") = "Dll_RV_RV", "Dll_RV_RV\Dll_RV_RV.vcxproj", "{63339D72-52DF-4BF9-912E-C0BFC1898B7C}"
EndProject
Global
	GlobalSection(SolutionConfigurationPlatforms) = preSolution
		Debug|x64 = Debug|x64
		Debug|x86 = Debug|x86
		Release|x64 = Release|x64
		Release|x86 = Release|x86
	EndGlobalSection
	GlobalSection(ProjectConfigurationPlatforms) = postSolution
		{63339D72-52DF-4BF9-912E-C0BFC1898B7C}.Debug|x64.ActiveCfg = Debug|x64
		{63339D72-52DF-4BF9-912E-C0BFC1898B7C}.Debug|x64.Build.0 = Debug|x64
		{63339D72-52DF-4BF9-912E-C0BFC1898B7C}.Debug|x86.ActiveCfg = Debug|Win32
		{63339D72-52DF-4BF9-912E-C0BFC1898B7C}.Debug|x86.Build.0 = Debug|Win32
		{63339D72-52DF-4BF9-912E-C0BFC1898B7C}.Release|x64.ActiveCfg = Release|x64
		{63339D72-52DF-4BF9-912E-C0BFC1898B7C}.Release|x64.Build.0 = Release|x64
		{63339D72-52DF-4BF9-912E-C0BFC1898B7C}.Release|x86.ActiveCfg = Release|Win32
		{63339D72-52DF-4BF9-912E-C0BFC1898B7C}.Release|x86.Build.0 = Release|Win32
	EndGlobalSection
	GlobalSection(SolutionProperties) = preSolution
		HideSolutionNode = FALSE
	EndGlobalSection
	GlobalSection(ExtensibilityGlobals) = postSolution
		SolutionGuid = {FD748552-3FAE-4E99-860D-114E544E3C3F}
	EndGlobalSection
EndGlobal
